
Microsoft Visual Studio Solution File, Format Version 12.00
# Visual Studio 14
VisualStudioVersion = 14.0.25420.1
MinimumVisualStudioVersion = 10.0.40219.1
Project("{FAE04EC0-301F-11D3-BF4B-00C04F79EFBC}") = "FireHorse", "FireHorse\FireHorse.csproj", "{EE6DFA50-815A-4921-99CD-31864B17F547}"
EndProject
Project("{FAE04EC0-301F-11D3-BF4B-00C04F79EFBC}") = "UnitTest", "UnitTest\UnitTest.csproj", "{3C0C8A88-A40D-48E3-AF29-49694496D01B}"
EndProject
Project("{FAE04EC0-301F-11D3-BF4B-00C04F79EFBC}") = "SimpleScrapper", "SimpleScrapper\SimpleScrapper.csproj", "{DA05F10B-CC59-4D83-B056-D4C2311A8E8F}"
EndProject
Global
	GlobalSection(SolutionConfigurationPlatforms) = preSolution
		Debug|Any CPU = Debug|Any CPU
		Release|Any CPU = Release|Any CPU
	EndGlobalSection
	GlobalSection(ProjectConfigurationPlatforms) = postSolution
		{EE6DFA50-815A-4921-99CD-31864B17F547}.Debug|Any CPU.ActiveCfg = Debug|Any CPU
		{EE6DFA50-815A-4921-99CD-31864B17F547}.Debug|Any CPU.Build.0 = Debug|Any CPU
		{EE6DFA50-815A-4921-99CD-31864B17F547}.Release|Any CPU.ActiveCfg = Release|Any CPU
		{EE6DFA50-815A-4921-99CD-31864B17F547}.Release|Any CPU.Build.0 = Release|Any CPU
		{3C0C8A88-A40D-48E3-AF29-49694496D01B}.Debug|Any CPU.ActiveCfg = Debug|Any CPU
		{3C0C8A88-A40D-48E3-AF29-49694496D01B}.Debug|Any CPU.Build.0 = Debug|Any CPU
		{3C0C8A88-A40D-48E3-AF29-49694496D01B}.Release|Any CPU.ActiveCfg = Release|Any CPU
		{3C0C8A88-A40D-48E3-AF29-49694496D01B}.Release|Any CPU.Build.0 = Release|Any CPU
		{DA05F10B-CC59-4D83-B056-D4C2311A8E8F}.Debug|Any CPU.ActiveCfg = Debug|Any CPU
		{DA05F10B-CC59-4D83-B056-D4C2311A8E8F}.Debug|Any CPU.Build.0 = Debug|Any CPU
		{DA05F10B-CC59-4D83-B056-D4C2311A8E8F}.Release|Any CPU.ActiveCfg = Release|Any CPU
		{DA05F10B-CC59-4D83-B056-D4C2311A8E8F}.Release|Any CPU.Build.0 = Release|Any CPU
	EndGlobalSection
	GlobalSection(SolutionProperties) = preSolution
		HideSolutionNode = FALSE
	EndGlobalSection
EndGlobal
